
Microsoft Visual Studio Solution File, Format Version 12.00
Project("{F2A71F9B-5D33-465A-A702-920D77279786}") = "Mazes.Core", "src\Mazes.Core\Mazes.Core.fsproj", "{E5B5F827-2B60-4995-9667-2364C4D670BA}"
EndProject
Project("{F2A71F9B-5D33-465A-A702-920D77279786}") = "Mazes", "src\Mazes\Mazes.fsproj", "{8CE1987E-78C1-42C2-B826-71020CF376A6}"
EndProject
Project("{F2A71F9B-5D33-465A-A702-920D77279786}") = "Mazes.Render", "src\Mazes.Render\Mazes.Render.fsproj", "{E7CB0A4F-5835-4E99-AC35-2E909EA1F1A6}"
EndProject
Project("{2150E333-8FDC-42A3-9474-1A3956D46DE8}") = "src", "src", "{AB5FEDA9-28F4-4365-BFC6-51B8FBA71C85}"
EndProject
Project("{2150E333-8FDC-42A3-9474-1A3956D46DE8}") = "tests", "tests", "{265E2152-EAE8-4679-92A2-020D96A0F4E7}"
EndProject
Project("{F2A71F9B-5D33-465A-A702-920D77279786}") = "Mazes.Core.Tests", "tests\Mazes.Core.Tests\Mazes.Core.Tests.fsproj", "{FCF82822-E3B5-4D5B-9768-EDC01A68DEC5}"
EndProject
Project("{F2A71F9B-5D33-465A-A702-920D77279786}") = "Mazes.Render.Tests", "tests\Mazes.Render.Tests\Mazes.Render.Tests.fsproj", "{294DE816-CCD4-411D-B440-79AEA3E824F4}"
EndProject
Project("{F2A71F9B-5D33-465A-A702-920D77279786}") = "Mazes.Output", "src\Mazes.Output\Mazes.Output.fsproj", "{2A65887E-FE89-4BC0-B246-8870311A1846}"
EndProject
Project("{F2A71F9B-5D33-465A-A702-920D77279786}") = "Mazes.Utility", "src\Mazes.Utility\Mazes.Utility.fsproj", "{64D8753F-55FA-4146-9660-B3CC16ACDC03}"
EndProject
Project("{F2A71F9B-5D33-465A-A702-920D77279786}") = "Mazes.Utility.Tests", "tests\Mazes.Utility.Tests\Mazes.Utility.Tests.fsproj", "{2483ABCB-1ED2-420D-998D-489D541DDB10}"
EndProject
Global
	GlobalSection(SolutionConfigurationPlatforms) = preSolution
		Debug|Any CPU = Debug|Any CPU
		Release|Any CPU = Release|Any CPU
	EndGlobalSection
	GlobalSection(ProjectConfigurationPlatforms) = postSolution
		{8CE1987E-78C1-42C2-B826-71020CF376A6}.Debug|Any CPU.ActiveCfg = Debug|Any CPU
		{8CE1987E-78C1-42C2-B826-71020CF376A6}.Debug|Any CPU.Build.0 = Debug|Any CPU
		{8CE1987E-78C1-42C2-B826-71020CF376A6}.Release|Any CPU.ActiveCfg = Release|Any CPU
		{8CE1987E-78C1-42C2-B826-71020CF376A6}.Release|Any CPU.Build.0 = Release|Any CPU
		{E5B5F827-2B60-4995-9667-2364C4D670BA}.Debug|Any CPU.ActiveCfg = Debug|Any CPU
		{E5B5F827-2B60-4995-9667-2364C4D670BA}.Debug|Any CPU.Build.0 = Debug|Any CPU
		{E5B5F827-2B60-4995-9667-2364C4D670BA}.Release|Any CPU.ActiveCfg = Release|Any CPU
		{E5B5F827-2B60-4995-9667-2364C4D670BA}.Release|Any CPU.Build.0 = Release|Any CPU
		{E7CB0A4F-5835-4E99-AC35-2E909EA1F1A6}.Debug|Any CPU.ActiveCfg = Debug|Any CPU
		{E7CB0A4F-5835-4E99-AC35-2E909EA1F1A6}.Debug|Any CPU.Build.0 = Debug|Any CPU
		{E7CB0A4F-5835-4E99-AC35-2E909EA1F1A6}.Release|Any CPU.ActiveCfg = Release|Any CPU
		{E7CB0A4F-5835-4E99-AC35-2E909EA1F1A6}.Release|Any CPU.Build.0 = Release|Any CPU
		{FCF82822-E3B5-4D5B-9768-EDC01A68DEC5}.Debug|Any CPU.ActiveCfg = Debug|Any CPU
		{FCF82822-E3B5-4D5B-9768-EDC01A68DEC5}.Debug|Any CPU.Build.0 = Debug|Any CPU
		{FCF82822-E3B5-4D5B-9768-EDC01A68DEC5}.Release|Any CPU.ActiveCfg = Release|Any CPU
		{FCF82822-E3B5-4D5B-9768-EDC01A68DEC5}.Release|Any CPU.Build.0 = Release|Any CPU
		{294DE816-CCD4-411D-B440-79AEA3E824F4}.Debug|Any CPU.ActiveCfg = Debug|Any CPU
		{294DE816-CCD4-411D-B440-79AEA3E824F4}.Debug|Any CPU.Build.0 = Debug|Any CPU
		{294DE816-CCD4-411D-B440-79AEA3E824F4}.Release|Any CPU.ActiveCfg = Release|Any CPU
		{294DE816-CCD4-411D-B440-79AEA3E824F4}.Release|Any CPU.Build.0 = Release|Any CPU
		{2A65887E-FE89-4BC0-B246-8870311A1846}.Debug|Any CPU.ActiveCfg = Debug|Any CPU
		{2A65887E-FE89-4BC0-B246-8870311A1846}.Debug|Any CPU.Build.0 = Debug|Any CPU
		{2A65887E-FE89-4BC0-B246-8870311A1846}.Release|Any CPU.ActiveCfg = Release|Any CPU
		{2A65887E-FE89-4BC0-B246-8870311A1846}.Release|Any CPU.Build.0 = Release|Any CPU
		{64D8753F-55FA-4146-9660-B3CC16ACDC03}.Debug|Any CPU.ActiveCfg = Debug|Any CPU
		{64D8753F-55FA-4146-9660-B3CC16ACDC03}.Debug|Any CPU.Build.0 = Debug|Any CPU
		{64D8753F-55FA-4146-9660-B3CC16ACDC03}.Release|Any CPU.ActiveCfg = Release|Any CPU
		{64D8753F-55FA-4146-9660-B3CC16ACDC03}.Release|Any CPU.Build.0 = Release|Any CPU
		{2483ABCB-1ED2-420D-998D-489D541DDB10}.Debug|Any CPU.ActiveCfg = Debug|Any CPU
		{2483ABCB-1ED2-420D-998D-489D541DDB10}.Debug|Any CPU.Build.0 = Debug|Any CPU
		{2483ABCB-1ED2-420D-998D-489D541DDB10}.Release|Any CPU.ActiveCfg = Release|Any CPU
		{2483ABCB-1ED2-420D-998D-489D541DDB10}.Release|Any CPU.Build.0 = Release|Any CPU
	EndGlobalSection
	GlobalSection(NestedProjects) = preSolution
		{8CE1987E-78C1-42C2-B826-71020CF376A6} = {AB5FEDA9-28F4-4365-BFC6-51B8FBA71C85}
		{E5B5F827-2B60-4995-9667-2364C4D670BA} = {AB5FEDA9-28F4-4365-BFC6-51B8FBA71C85}
		{E7CB0A4F-5835-4E99-AC35-2E909EA1F1A6} = {AB5FEDA9-28F4-4365-BFC6-51B8FBA71C85}
		{FCF82822-E3B5-4D5B-9768-EDC01A68DEC5} = {265E2152-EAE8-4679-92A2-020D96A0F4E7}
		{294DE816-CCD4-411D-B440-79AEA3E824F4} = {265E2152-EAE8-4679-92A2-020D96A0F4E7}
		{2A65887E-FE89-4BC0-B246-8870311A1846} = {AB5FEDA9-28F4-4365-BFC6-51B8FBA71C85}
		{64D8753F-55FA-4146-9660-B3CC16ACDC03} = {AB5FEDA9-28F4-4365-BFC6-51B8FBA71C85}
		{2483ABCB-1ED2-420D-998D-489D541DDB10} = {265E2152-EAE8-4679-92A2-020D96A0F4E7}
	EndGlobalSection
EndGlobal
